// !$*UTF8*$!
{
	archiveVersion = 1;
	classes = {
	};
	objectVersion = 56;
	objects = {

/* Begin PBXBuildFile section */
		C9877FA329F76B5F003E6407 /* Product.swift in Sources */ = {isa = PBXBuildFile; fileRef = C9877FA229F76B5F003E6407 /* Product.swift */; };
		C9D6A3242A05C08800746CB3 /* FirebaseAuth in Frameworks */ = {isa = PBXBuildFile; productRef = C9D6A3232A05C08800746CB3 /* FirebaseAuth */; };
		C9D6A3262A05C08800746CB3 /* FirebaseFirestore in Frameworks */ = {isa = PBXBuildFile; productRef = C9D6A3252A05C08800746CB3 /* FirebaseFirestore */; };
		C9D6A3282A05C08800746CB3 /* FirebaseFirestoreSwift in Frameworks */ = {isa = PBXBuildFile; productRef = C9D6A3272A05C08800746CB3 /* FirebaseFirestoreSwift */; };
		D2629A9F2A19717200A52455 /* GoogleService-Info.plist in Resources */ = {isa = PBXBuildFile; fileRef = D2629A9E2A19717200A52455 /* GoogleService-Info.plist */; };
		D2629AA12A19748B00A52455 /* Sale.swift in Sources */ = {isa = PBXBuildFile; fileRef = D2629AA02A19748B00A52455 /* Sale.swift */; };
		D2629AA32A1975A900A52455 /* Purchases.swift in Sources */ = {isa = PBXBuildFile; fileRef = D2629AA22A1975A900A52455 /* Purchases.swift */; };
		D2629AA52A1976F800A52455 /* Products.swift in Sources */ = {isa = PBXBuildFile; fileRef = D2629AA42A1976F800A52455 /* Products.swift */; };
		D2629AA92A1978D100A52455 /* ProductViewModel.swift in Sources */ = {isa = PBXBuildFile; fileRef = D2629AA82A1978D100A52455 /* ProductViewModel.swift */; };
		D2629AAB2A1978FA00A52455 /* ProductsViewModel.swift in Sources */ = {isa = PBXBuildFile; fileRef = D2629AAA2A1978FA00A52455 /* ProductsViewModel.swift */; };
		D2629AAE2A19795C00A52455 /* PurchaseViewModel.swift in Sources */ = {isa = PBXBuildFile; fileRef = D2629AAD2A19795C00A52455 /* PurchaseViewModel.swift */; };
		D2629AB02A19798400A52455 /* PurchasesViewModel.swift in Sources */ = {isa = PBXBuildFile; fileRef = D2629AAF2A19798400A52455 /* PurchasesViewModel.swift */; };
		D2629AB32A1979E200A52455 /* SaleViewModel.swift in Sources */ = {isa = PBXBuildFile; fileRef = D2629AB22A1979E200A52455 /* SaleViewModel.swift */; };
		D2629AB52A1979FA00A52455 /* SalesViewModel.swift in Sources */ = {isa = PBXBuildFile; fileRef = D2629AB42A1979FA00A52455 /* SalesViewModel.swift */; };
		F118592A29FA0FCF00E12AF2 /* Sales.swift in Sources */ = {isa = PBXBuildFile; fileRef = F118592929FA0FCF00E12AF2 /* Sales.swift */; };
		F118592C29FA12E300E12AF2 /* Purchase.swift in Sources */ = {isa = PBXBuildFile; fileRef = F118592B29FA12E300E12AF2 /* Purchase.swift */; };
		F146315B29F74E1A0019144F /* User.swift in Sources */ = {isa = PBXBuildFile; fileRef = F146315A29F74E1A0019144F /* User.swift */; };
		F146315F29F750DE0019144F /* LoginView.swift in Sources */ = {isa = PBXBuildFile; fileRef = F146315E29F750DE0019144F /* LoginView.swift */; };
		F1847EA529F7465D00F0C5DE /* Examen2App.swift in Sources */ = {isa = PBXBuildFile; fileRef = F1847EA429F7465D00F0C5DE /* Examen2App.swift */; };
		F1847EA729F7465D00F0C5DE /* ContentView.swift in Sources */ = {isa = PBXBuildFile; fileRef = F1847EA629F7465D00F0C5DE /* ContentView.swift */; };
		F1847EA929F7465E00F0C5DE /* Assets.xcassets in Resources */ = {isa = PBXBuildFile; fileRef = F1847EA829F7465E00F0C5DE /* Assets.xcassets */; };
		F1847EAC29F7465E00F0C5DE /* Preview Assets.xcassets in Resources */ = {isa = PBXBuildFile; fileRef = F1847EAB29F7465E00F0C5DE /* Preview Assets.xcassets */; };
		F1847EB329F746FC00F0C5DE /* Menu.swift in Sources */ = {isa = PBXBuildFile; fileRef = F1847EB229F746FC00F0C5DE /* Menu.swift */; };
		F1847EB729F7590B00F0C5DE /* MenuRegister.swift in Sources */ = {isa = PBXBuildFile; fileRef = F1847EB629F7590B00F0C5DE /* MenuRegister.swift */; };
		F1D11E962A256C0D00E82DAC /* CustomButton.swift in Sources */ = {isa = PBXBuildFile; fileRef = F1D11E952A256C0D00E82DAC /* CustomButton.swift */; };
		F1D11E9C2A25787F00E82DAC /* Tab.swift in Sources */ = {isa = PBXBuildFile; fileRef = F1D11E9B2A25787F00E82DAC /* Tab.swift */; };
		F1D11E9F2A257A6500E82DAC /* Home.swift in Sources */ = {isa = PBXBuildFile; fileRef = F1D11E9E2A257A6500E82DAC /* Home.swift */; };
		F1D2EC7C2A1BE9BB00FAF6C5 /* SaleEditView.swift in Sources */ = {isa = PBXBuildFile; fileRef = F1D2EC7B2A1BE9BB00FAF6C5 /* SaleEditView.swift */; };
		F1D2EC7E2A1BEC0900FAF6C5 /* ProductEditView.swift in Sources */ = {isa = PBXBuildFile; fileRef = F1D2EC7D2A1BEC0900FAF6C5 /* ProductEditView.swift */; };
		F1D2EC802A1BEE8100FAF6C5 /* PurchaseEditView.swift in Sources */ = {isa = PBXBuildFile; fileRef = F1D2EC7F2A1BEE8100FAF6C5 /* PurchaseEditView.swift */; };
		F1D2EC822A1BF2CD00FAF6C5 /* SaleDetailsView.swift in Sources */ = {isa = PBXBuildFile; fileRef = F1D2EC812A1BF2CD00FAF6C5 /* SaleDetailsView.swift */; };
		F1D2EC842A1BF46A00FAF6C5 /* ProductDetailsView.swift in Sources */ = {isa = PBXBuildFile; fileRef = F1D2EC832A1BF46A00FAF6C5 /* ProductDetailsView.swift */; };
		F1D2EC862A1BF6C300FAF6C5 /* PurchaseDetailsView.swift in Sources */ = {isa = PBXBuildFile; fileRef = F1D2EC852A1BF6C300FAF6C5 /* PurchaseDetailsView.swift */; };
		F1D2EC882A1C08C400FAF6C5 /* SaleList.swift in Sources */ = {isa = PBXBuildFile; fileRef = F1D2EC872A1C08C400FAF6C5 /* SaleList.swift */; };
		F1D2EC8A2A1C0B8100FAF6C5 /* PurchaseList.swift in Sources */ = {isa = PBXBuildFile; fileRef = F1D2EC892A1C0B8100FAF6C5 /* PurchaseList.swift */; };
		F1D2EC8C2A1C0D3700FAF6C5 /* ProductList.swift in Sources */ = {isa = PBXBuildFile; fileRef = F1D2EC8B2A1C0D3700FAF6C5 /* ProductList.swift */; };
		F1D387302A182E1000F81CDF /* UserList.swift in Sources */ = {isa = PBXBuildFile; fileRef = F1D3872F2A182E1000F81CDF /* UserList.swift */; };
		F1D39FEB2A16B04100085C94 /* UserDetailsView.swift in Sources */ = {isa = PBXBuildFile; fileRef = F1D39FEA2A16B04000085C94 /* UserDetailsView.swift */; };
		F1D486672A2FB95100355A76 /* TabShape.swift in Sources */ = {isa = PBXBuildFile; fileRef = F1D486662A2FB95100355A76 /* TabShape.swift */; };
		F1D4B9562A37A83800C7D623 /* AuthManager.swift in Sources */ = {isa = PBXBuildFile; fileRef = F1D4B9552A37A83800C7D623 /* AuthManager.swift */; };
		F1D4B95A2A37E99400C7D623 /* CustomColors.swift in Sources */ = {isa = PBXBuildFile; fileRef = F1D4B9592A37E99400C7D623 /* CustomColors.swift */; };
		F1D4FF0C2A316D3500CA0C07 /* LoginViewDesign.swift in Sources */ = {isa = PBXBuildFile; fileRef = F1D4FF0B2A316D3500CA0C07 /* LoginViewDesign.swift */; };
		F1D765922A15BC1700999F21 /* Users.swift in Sources */ = {isa = PBXBuildFile; fileRef = F1D765912A15BC1700999F21 /* Users.swift */; };
		F1D765942A15BDDB00999F21 /* UserViewModels.swift in Sources */ = {isa = PBXBuildFile; fileRef = F1D765932A15BDDB00999F21 /* UserViewModels.swift */; };
		F1D765962A15C11700999F21 /* UsersViewModel.swift in Sources */ = {isa = PBXBuildFile; fileRef = F1D765952A15C11700999F21 /* UsersViewModel.swift */; };
		F1D765982A15C29500999F21 /* UserEditView.swift in Sources */ = {isa = PBXBuildFile; fileRef = F1D765972A15C29500999F21 /* UserEditView.swift */; };
/* End PBXBuildFile section */

/* Begin PBXFileReference section */
		C9877FA229F76B5F003E6407 /* Product.swift */ = {isa = PBXFileReference; lastKnownFileType = sourcecode.swift; path = Product.swift; sourceTree = "<group>"; };
		D2629A9E2A19717200A52455 /* GoogleService-Info.plist */ = {isa = PBXFileReference; fileEncoding = 4; lastKnownFileType = text.plist.xml; name = "GoogleService-Info.plist"; path = "../GoogleService-Info.plist"; sourceTree = "<group>"; };
		D2629AA02A19748B00A52455 /* Sale.swift */ = {isa = PBXFileReference; lastKnownFileType = sourcecode.swift; path = Sale.swift; sourceTree = "<group>"; };
		D2629AA22A1975A900A52455 /* Purchases.swift */ = {isa = PBXFileReference; lastKnownFileType = sourcecode.swift; path = Purchases.swift; sourceTree = "<group>"; };
		D2629AA42A1976F800A52455 /* Products.swift */ = {isa = PBXFileReference; lastKnownFileType = sourcecode.swift; path = Products.swift; sourceTree = "<group>"; };
		D2629AA82A1978D100A52455 /* ProductViewModel.swift */ = {isa = PBXFileReference; lastKnownFileType = sourcecode.swift; path = ProductViewModel.swift; sourceTree = "<group>"; };
		D2629AAA2A1978FA00A52455 /* ProductsViewModel.swift */ = {isa = PBXFileReference; lastKnownFileType = sourcecode.swift; path = ProductsViewModel.swift; sourceTree = "<group>"; };
		D2629AAD2A19795C00A52455 /* PurchaseViewModel.swift */ = {isa = PBXFileReference; lastKnownFileType = sourcecode.swift; path = PurchaseViewModel.swift; sourceTree = "<group>"; };
		D2629AAF2A19798400A52455 /* PurchasesViewModel.swift */ = {isa = PBXFileReference; lastKnownFileType = sourcecode.swift; path = PurchasesViewModel.swift; sourceTree = "<group>"; };
		D2629AB22A1979E200A52455 /* SaleViewModel.swift */ = {isa = PBXFileReference; lastKnownFileType = sourcecode.swift; path = SaleViewModel.swift; sourceTree = "<group>"; };
		D2629AB42A1979FA00A52455 /* SalesViewModel.swift */ = {isa = PBXFileReference; lastKnownFileType = sourcecode.swift; path = SalesViewModel.swift; sourceTree = "<group>"; };
		F118592929FA0FCF00E12AF2 /* Sales.swift */ = {isa = PBXFileReference; lastKnownFileType = sourcecode.swift; path = Sales.swift; sourceTree = "<group>"; };
		F118592B29FA12E300E12AF2 /* Purchase.swift */ = {isa = PBXFileReference; lastKnownFileType = sourcecode.swift; path = Purchase.swift; sourceTree = "<group>"; };
		F146315A29F74E1A0019144F /* User.swift */ = {isa = PBXFileReference; lastKnownFileType = sourcecode.swift; path = User.swift; sourceTree = "<group>"; };
		F146315E29F750DE0019144F /* LoginView.swift */ = {isa = PBXFileReference; lastKnownFileType = sourcecode.swift; path = LoginView.swift; sourceTree = "<group>"; };
		F1847EA129F7465D00F0C5DE /* Examen2.app */ = {isa = PBXFileReference; explicitFileType = wrapper.application; includeInIndex = 0; path = Examen2.app; sourceTree = BUILT_PRODUCTS_DIR; };
		F1847EA429F7465D00F0C5DE /* Examen2App.swift */ = {isa = PBXFileReference; lastKnownFileType = sourcecode.swift; path = Examen2App.swift; sourceTree = "<group>"; };
		F1847EA629F7465D00F0C5DE /* ContentView.swift */ = {isa = PBXFileReference; lastKnownFileType = sourcecode.swift; path = ContentView.swift; sourceTree = "<group>"; };
		F1847EA829F7465E00F0C5DE /* Assets.xcassets */ = {isa = PBXFileReference; lastKnownFileType = folder.assetcatalog; path = Assets.xcassets; sourceTree = "<group>"; };
		F1847EAB29F7465E00F0C5DE /* Preview Assets.xcassets */ = {isa = PBXFileReference; lastKnownFileType = folder.assetcatalog; path = "Preview Assets.xcassets"; sourceTree = "<group>"; };
		F1847EB229F746FC00F0C5DE /* Menu.swift */ = {isa = PBXFileReference; lastKnownFileType = sourcecode.swift; path = Menu.swift; sourceTree = "<group>"; };
		F1847EB629F7590B00F0C5DE /* MenuRegister.swift */ = {isa = PBXFileReference; lastKnownFileType = sourcecode.swift; path = MenuRegister.swift; sourceTree = "<group>"; };
		F1D11E952A256C0D00E82DAC /* CustomButton.swift */ = {isa = PBXFileReference; lastKnownFileType = sourcecode.swift; path = CustomButton.swift; sourceTree = "<group>"; };
		F1D11E9B2A25787F00E82DAC /* Tab.swift */ = {isa = PBXFileReference; lastKnownFileType = sourcecode.swift; path = Tab.swift; sourceTree = "<group>"; };
		F1D11E9E2A257A6500E82DAC /* Home.swift */ = {isa = PBXFileReference; lastKnownFileType = sourcecode.swift; path = Home.swift; sourceTree = "<group>"; };
		F1D2EC7B2A1BE9BB00FAF6C5 /* SaleEditView.swift */ = {isa = PBXFileReference; lastKnownFileType = sourcecode.swift; path = SaleEditView.swift; sourceTree = "<group>"; };
		F1D2EC7D2A1BEC0900FAF6C5 /* ProductEditView.swift */ = {isa = PBXFileReference; lastKnownFileType = sourcecode.swift; path = ProductEditView.swift; sourceTree = "<group>"; };
		F1D2EC7F2A1BEE8100FAF6C5 /* PurchaseEditView.swift */ = {isa = PBXFileReference; lastKnownFileType = sourcecode.swift; path = PurchaseEditView.swift; sourceTree = "<group>"; };
		F1D2EC812A1BF2CD00FAF6C5 /* SaleDetailsView.swift */ = {isa = PBXFileReference; lastKnownFileType = sourcecode.swift; path = SaleDetailsView.swift; sourceTree = "<group>"; };
		F1D2EC832A1BF46A00FAF6C5 /* ProductDetailsView.swift */ = {isa = PBXFileReference; lastKnownFileType = sourcecode.swift; path = ProductDetailsView.swift; sourceTree = "<group>"; };
		F1D2EC852A1BF6C300FAF6C5 /* PurchaseDetailsView.swift */ = {isa = PBXFileReference; lastKnownFileType = sourcecode.swift; path = PurchaseDetailsView.swift; sourceTree = "<group>"; };
		F1D2EC872A1C08C400FAF6C5 /* SaleList.swift */ = {isa = PBXFileReference; lastKnownFileType = sourcecode.swift; path = SaleList.swift; sourceTree = "<group>"; };
		F1D2EC892A1C0B8100FAF6C5 /* PurchaseList.swift */ = {isa = PBXFileReference; lastKnownFileType = sourcecode.swift; path = PurchaseList.swift; sourceTree = "<group>"; };
		F1D2EC8B2A1C0D3700FAF6C5 /* ProductList.swift */ = {isa = PBXFileReference; lastKnownFileType = sourcecode.swift; path = ProductList.swift; sourceTree = "<group>"; };
		F1D3872F2A182E1000F81CDF /* UserList.swift */ = {isa = PBXFileReference; lastKnownFileType = sourcecode.swift; path = UserList.swift; sourceTree = "<group>"; };
		F1D39FEA2A16B04000085C94 /* UserDetailsView.swift */ = {isa = PBXFileReference; lastKnownFileType = sourcecode.swift; path = UserDetailsView.swift; sourceTree = "<group>"; };
		F1D486662A2FB95100355A76 /* TabShape.swift */ = {isa = PBXFileReference; lastKnownFileType = sourcecode.swift; path = TabShape.swift; sourceTree = "<group>"; };
		F1D4B9552A37A83800C7D623 /* AuthManager.swift */ = {isa = PBXFileReference; lastKnownFileType = sourcecode.swift; path = AuthManager.swift; sourceTree = "<group>"; };
		F1D4B9592A37E99400C7D623 /* CustomColors.swift */ = {isa = PBXFileReference; lastKnownFileType = sourcecode.swift; path = CustomColors.swift; sourceTree = "<group>"; };
		F1D4FF0B2A316D3500CA0C07 /* LoginViewDesign.swift */ = {isa = PBXFileReference; lastKnownFileType = sourcecode.swift; path = LoginViewDesign.swift; sourceTree = "<group>"; };
		F1D765912A15BC1700999F21 /* Users.swift */ = {isa = PBXFileReference; lastKnownFileType = sourcecode.swift; path = Users.swift; sourceTree = "<group>"; };
		F1D765932A15BDDB00999F21 /* UserViewModels.swift */ = {isa = PBXFileReference; lastKnownFileType = sourcecode.swift; path = UserViewModels.swift; sourceTree = "<group>"; };
		F1D765952A15C11700999F21 /* UsersViewModel.swift */ = {isa = PBXFileReference; lastKnownFileType = sourcecode.swift; path = UsersViewModel.swift; sourceTree = "<group>"; };
		F1D765972A15C29500999F21 /* UserEditView.swift */ = {isa = PBXFileReference; lastKnownFileType = sourcecode.swift; path = UserEditView.swift; sourceTree = "<group>"; };
/* End PBXFileReference section */

/* Begin PBXFrameworksBuildPhase section */
		F1847E9E29F7465D00F0C5DE /* Frameworks */ = {
			isa = PBXFrameworksBuildPhase;
			buildActionMask = 2147483647;
			files = (
				C9D6A3242A05C08800746CB3 /* FirebaseAuth in Frameworks */,
				C9D6A3262A05C08800746CB3 /* FirebaseFirestore in Frameworks */,
				C9D6A3282A05C08800746CB3 /* FirebaseFirestoreSwift in Frameworks */,
			);
			runOnlyForDeploymentPostprocessing = 0;
		};
/* End PBXFrameworksBuildPhase section */

/* Begin PBXGroup section */
		D2629AA62A19783500A52455 /* userVModels */ = {
			isa = PBXGroup;
			children = (
				F1D765952A15C11700999F21 /* UsersViewModel.swift */,
				F1D765932A15BDDB00999F21 /* UserViewModels.swift */,
			);
			path = userVModels;
			sourceTree = "<group>";
		};
		D2629AA72A19788A00A52455 /* productsVModels */ = {
			isa = PBXGroup;
			children = (
				D2629AA82A1978D100A52455 /* ProductViewModel.swift */,
				D2629AAA2A1978FA00A52455 /* ProductsViewModel.swift */,
			);
			path = productsVModels;
			sourceTree = "<group>";
		};
		D2629AAC2A19792500A52455 /* purchaseVModels */ = {
			isa = PBXGroup;
			children = (
				D2629AAD2A19795C00A52455 /* PurchaseViewModel.swift */,
				D2629AAF2A19798400A52455 /* PurchasesViewModel.swift */,
			);
			path = purchaseVModels;
			sourceTree = "<group>";
		};
		D2629AB12A19799700A52455 /* saleVModels */ = {
			isa = PBXGroup;
			children = (
				D2629AB22A1979E200A52455 /* SaleViewModel.swift */,
				D2629AB42A1979FA00A52455 /* SalesViewModel.swift */,
			);
			path = saleVModels;
			sourceTree = "<group>";
		};
		F1847E9829F7465D00F0C5DE = {
			isa = PBXGroup;
			children = (
				F1847EA329F7465D00F0C5DE /* Examen2 */,
				F1847EA229F7465D00F0C5DE /* Products */,
			);
			sourceTree = "<group>";
		};
		F1847EA229F7465D00F0C5DE /* Products */ = {
			isa = PBXGroup;
			children = (
				F1847EA129F7465D00F0C5DE /* Examen2.app */,
			);
			name = Products;
			sourceTree = "<group>";
		};
		F1847EA329F7465D00F0C5DE /* Examen2 */ = {
			isa = PBXGroup;
			children = (
				F1D11E942A2569DA00E82DAC /* CustomWidgets */,
				F1D765902A15BBAF00999F21 /* Views */,
				F1D7658F2A15BB9C00999F21 /* ViewModels */,
				F1D7658E2A15BB8600999F21 /* Models */,
				D2629A9E2A19717200A52455 /* GoogleService-Info.plist */,
				F1847EB229F746FC00F0C5DE /* Menu.swift */,
				F1847EB629F7590B00F0C5DE /* MenuRegister.swift */,
				F118592929FA0FCF00E12AF2 /* Sales.swift */,
				F118592B29FA12E300E12AF2 /* Purchase.swift */,
				F1847EA429F7465D00F0C5DE /* Examen2App.swift */,
				F1847EA629F7465D00F0C5DE /* ContentView.swift */,
				F146315A29F74E1A0019144F /* User.swift */,
				F146315E29F750DE0019144F /* LoginView.swift */,
				F1D4FF0B2A316D3500CA0C07 /* LoginViewDesign.swift */,
				C9877FA229F76B5F003E6407 /* Product.swift */,
				F1847EA829F7465E00F0C5DE /* Assets.xcassets */,
				F1847EAA29F7465E00F0C5DE /* Preview Content */,
			);
			path = Examen2;
			sourceTree = "<group>";
		};
		F1847EAA29F7465E00F0C5DE /* Preview Content */ = {
			isa = PBXGroup;
			children = (
				F1847EAB29F7465E00F0C5DE /* Preview Assets.xcassets */,
			);
			path = "Preview Content";
			sourceTree = "<group>";
		};
		F1D11E942A2569DA00E82DAC /* CustomWidgets */ = {
			isa = PBXGroup;
			children = (
				F1D11E952A256C0D00E82DAC /* CustomButton.swift */,
				F1D4B9592A37E99400C7D623 /* CustomColors.swift */,
			);
			path = CustomWidgets;
			sourceTree = "<group>";
		};
		F1D3872C2A182D6600F81CDF /* Edits */ = {
			isa = PBXGroup;
			children = (
				F1D765972A15C29500999F21 /* UserEditView.swift */,
				F1D2EC7B2A1BE9BB00FAF6C5 /* SaleEditView.swift */,
				F1D2EC7D2A1BEC0900FAF6C5 /* ProductEditView.swift */,
				F1D2EC7F2A1BEE8100FAF6C5 /* PurchaseEditView.swift */,
			);
			path = Edits;
			sourceTree = "<group>";
		};
		F1D3872D2A182DD700F81CDF /* Details */ = {
			isa = PBXGroup;
			children = (
				F1D39FEA2A16B04000085C94 /* UserDetailsView.swift */,
				F1D2EC812A1BF2CD00FAF6C5 /* SaleDetailsView.swift */,
				F1D2EC832A1BF46A00FAF6C5 /* ProductDetailsView.swift */,
				F1D2EC852A1BF6C300FAF6C5 /* PurchaseDetailsView.swift */,
			);
			path = Details;
			sourceTree = "<group>";
		};
		F1D3872E2A182DFA00F81CDF /* Lists */ = {
			isa = PBXGroup;
			children = (
				F1D3872F2A182E1000F81CDF /* UserList.swift */,
				F1D2EC872A1C08C400FAF6C5 /* SaleList.swift */,
				F1D2EC892A1C0B8100FAF6C5 /* PurchaseList.swift */,
				F1D2EC8B2A1C0D3700FAF6C5 /* ProductList.swift */,
			);
			path = Lists;
			sourceTree = "<group>";
		};
		F1D7658E2A15BB8600999F21 /* Models */ = {
			isa = PBXGroup;
			children = (
				F1D765912A15BC1700999F21 /* Users.swift */,
				D2629AA02A19748B00A52455 /* Sale.swift */,
				D2629AA22A1975A900A52455 /* Purchases.swift */,
				D2629AA42A1976F800A52455 /* Products.swift */,
				F1D11E9B2A25787F00E82DAC /* Tab.swift */,
			);
			path = Models;
			sourceTree = "<group>";
		};
		F1D7658F2A15BB9C00999F21 /* ViewModels */ = {
			isa = PBXGroup;
			children = (
				D2629AB12A19799700A52455 /* saleVModels */,
				D2629AAC2A19792500A52455 /* purchaseVModels */,
				D2629AA72A19788A00A52455 /* productsVModels */,
				D2629AA62A19783500A52455 /* userVModels */,
				F1D4B9552A37A83800C7D623 /* AuthManager.swift */,
			);
			path = ViewModels;
			sourceTree = "<group>";
		};
		F1D765902A15BBAF00999F21 /* Views */ = {
			isa = PBXGroup;
			children = (
				F1D3872E2A182DFA00F81CDF /* Lists */,
				F1D3872D2A182DD700F81CDF /* Details */,
				F1D3872C2A182D6600F81CDF /* Edits */,
				F1D11E9E2A257A6500E82DAC /* Home.swift */,
				F1D486662A2FB95100355A76 /* TabShape.swift */,
			);
			path = Views;
			sourceTree = "<group>";
		};
/* End PBXGroup section */

/* Begin PBXNativeTarget section */
		F1847EA029F7465D00F0C5DE /* Examen2 */ = {
			isa = PBXNativeTarget;
			buildConfigurationList = F1847EAF29F7465E00F0C5DE /* Build configuration list for PBXNativeTarget "Examen2" */;
			buildPhases = (
				F1847E9D29F7465D00F0C5DE /* Sources */,
				F1847E9E29F7465D00F0C5DE /* Frameworks */,
				F1847E9F29F7465D00F0C5DE /* Resources */,
			);
			buildRules = (
			);
			dependencies = (
			);
			name = Examen2;
			packageProductDependencies = (
				C9D6A3232A05C08800746CB3 /* FirebaseAuth */,
				C9D6A3252A05C08800746CB3 /* FirebaseFirestore */,
				C9D6A3272A05C08800746CB3 /* FirebaseFirestoreSwift */,
			);
			productName = Examen2;
			productReference = F1847EA129F7465D00F0C5DE /* Examen2.app */;
			productType = "com.apple.product-type.application";
		};
/* End PBXNativeTarget section */

/* Begin PBXProject section */
		F1847E9929F7465D00F0C5DE /* Project object */ = {
			isa = PBXProject;
			attributes = {
				BuildIndependentTargetsInParallel = 1;
				LastSwiftUpdateCheck = 1420;
				LastUpgradeCheck = 1420;
				TargetAttributes = {
					F1847EA029F7465D00F0C5DE = {
						CreatedOnToolsVersion = 14.2;
					};
				};
			};
			buildConfigurationList = F1847E9C29F7465D00F0C5DE /* Build configuration list for PBXProject "Examen2" */;
			compatibilityVersion = "Xcode 14.0";
			developmentRegion = en;
			hasScannedForEncodings = 0;
			knownRegions = (
				en,
				Base,
			);
			mainGroup = F1847E9829F7465D00F0C5DE;
			packageReferences = (
				C9D6A3222A05C08800746CB3 /* XCRemoteSwiftPackageReference "firebase-ios-sdk" */,
			);
			productRefGroup = F1847EA229F7465D00F0C5DE /* Products */;
			projectDirPath = "";
			projectRoot = "";
			targets = (
				F1847EA029F7465D00F0C5DE /* Examen2 */,
			);
		};
/* End PBXProject section */

/* Begin PBXResourcesBuildPhase section */
		F1847E9F29F7465D00F0C5DE /* Resources */ = {
			isa = PBXResourcesBuildPhase;
			buildActionMask = 2147483647;
			files = (
				F1847EAC29F7465E00F0C5DE /* Preview Assets.xcassets in Resources */,
				F1847EA929F7465E00F0C5DE /* Assets.xcassets in Resources */,
				D2629A9F2A19717200A52455 /* GoogleService-Info.plist in Resources */,
			);
			runOnlyForDeploymentPostprocessing = 0;
		};
/* End PBXResourcesBuildPhase section */

/* Begin PBXSourcesBuildPhase section */
		F1847E9D29F7465D00F0C5DE /* Sources */ = {
			isa = PBXSourcesBuildPhase;
			buildActionMask = 2147483647;
			files = (
				F1D39FEB2A16B04100085C94 /* UserDetailsView.swift in Sources */,
				F1D2EC802A1BEE8100FAF6C5 /* PurchaseEditView.swift in Sources */,
				D2629AAE2A19795C00A52455 /* PurchaseViewModel.swift in Sources */,
				F146315F29F750DE0019144F /* LoginView.swift in Sources */,
				F1D2EC8A2A1C0B8100FAF6C5 /* PurchaseList.swift in Sources */,
				F1D2EC862A1BF6C300FAF6C5 /* PurchaseDetailsView.swift in Sources */,
				D2629AB52A1979FA00A52455 /* SalesViewModel.swift in Sources */,
				F146315B29F74E1A0019144F /* User.swift in Sources */,
				F118592C29FA12E300E12AF2 /* Purchase.swift in Sources */,
				F1847EB329F746FC00F0C5DE /* Menu.swift in Sources */,
				D2629AB32A1979E200A52455 /* SaleViewModel.swift in Sources */,
				D2629AA92A1978D100A52455 /* ProductViewModel.swift in Sources */,
				F1847EA729F7465D00F0C5DE /* ContentView.swift in Sources */,
				F1847EA529F7465D00F0C5DE /* Examen2App.swift in Sources */,
				F1D2EC842A1BF46A00FAF6C5 /* ProductDetailsView.swift in Sources */,
				F1D11E9C2A25787F00E82DAC /* Tab.swift in Sources */,
				F1D4B9562A37A83800C7D623 /* AuthManager.swift in Sources */,
				F1847EB729F7590B00F0C5DE /* MenuRegister.swift in Sources */,
				D2629AA32A1975A900A52455 /* Purchases.swift in Sources */,
				D2629AA52A1976F800A52455 /* Products.swift in Sources */,
				F1D765962A15C11700999F21 /* UsersViewModel.swift in Sources */,
				F1D765982A15C29500999F21 /* UserEditView.swift in Sources */,
				D2629AA12A19748B00A52455 /* Sale.swift in Sources */,
				F1D387302A182E1000F81CDF /* UserList.swift in Sources */,
				F1D2EC7E2A1BEC0900FAF6C5 /* ProductEditView.swift in Sources */,
				F1D2EC882A1C08C400FAF6C5 /* SaleList.swift in Sources */,
				F1D4B95A2A37E99400C7D623 /* CustomColors.swift in Sources */,
				F118592A29FA0FCF00E12AF2 /* Sales.swift in Sources */,
				F1D765922A15BC1700999F21 /* Users.swift in Sources */,
				F1D11E9F2A257A6500E82DAC /* Home.swift in Sources */,
				F1D4FF0C2A316D3500CA0C07 /* LoginViewDesign.swift in Sources */,
				C9877FA329F76B5F003E6407 /* Product.swift in Sources */,
				D2629AB02A19798400A52455 /* PurchasesViewModel.swift in Sources */,
				F1D2EC7C2A1BE9BB00FAF6C5 /* SaleEditView.swift in Sources */,
				D2629AAB2A1978FA00A52455 /* ProductsViewModel.swift in Sources */,
				F1D486672A2FB95100355A76 /* TabShape.swift in Sources */,
				F1D11E962A256C0D00E82DAC /* CustomButton.swift in Sources */,
				F1D2EC8C2A1C0D3700FAF6C5 /* ProductList.swift in Sources */,
				F1D2EC822A1BF2CD00FAF6C5 /* SaleDetailsView.swift in Sources */,
				F1D765942A15BDDB00999F21 /* UserViewModels.swift in Sources */,
			);
			runOnlyForDeploymentPostprocessing = 0;
		};
/* End PBXSourcesBuildPhase section */

/* Begin XCBuildConfiguration section */
		F1847EAD29F7465E00F0C5DE /* Debug */ = {
			isa = XCBuildConfiguration;
			buildSettings = {
				ALWAYS_SEARCH_USER_PATHS = NO;
				CLANG_ANALYZER_NONNULL = YES;
				CLANG_ANALYZER_NUMBER_OBJECT_CONVERSION = YES_AGGRESSIVE;
				CLANG_CXX_LANGUAGE_STANDARD = "gnu++20";
				CLANG_ENABLE_MODULES = YES;
				CLANG_ENABLE_OBJC_ARC = YES;
				CLANG_ENABLE_OBJC_WEAK = YES;
				CLANG_WARN_BLOCK_CAPTURE_AUTORELEASING = YES;
				CLANG_WARN_BOOL_CONVERSION = YES;
				CLANG_WARN_COMMA = YES;
				CLANG_WARN_CONSTANT_CONVERSION = YES;
				CLANG_WARN_DEPRECATED_OBJC_IMPLEMENTATIONS = YES;
				CLANG_WARN_DIRECT_OBJC_ISA_USAGE = YES_ERROR;
				CLANG_WARN_DOCUMENTATION_COMMENTS = YES;
				CLANG_WARN_EMPTY_BODY = YES;
				CLANG_WARN_ENUM_CONVERSION = YES;
				CLANG_WARN_INFINITE_RECURSION = YES;
				CLANG_WARN_INT_CONVERSION = YES;
				CLANG_WARN_NON_LITERAL_NULL_CONVERSION = YES;
				CLANG_WARN_OBJC_IMPLICIT_RETAIN_SELF = YES;
				CLANG_WARN_OBJC_LITERAL_CONVERSION = YES;
				CLANG_WARN_OBJC_ROOT_CLASS = YES_ERROR;
				CLANG_WARN_QUOTED_INCLUDE_IN_FRAMEWORK_HEADER = YES;
				CLANG_WARN_RANGE_LOOP_ANALYSIS = YES;
				CLANG_WARN_STRICT_PROTOTYPES = YES;
				CLANG_WARN_SUSPICIOUS_MOVE = YES;
				CLANG_WARN_UNGUARDED_AVAILABILITY = YES_AGGRESSIVE;
				CLANG_WARN_UNREACHABLE_CODE = YES;
				CLANG_WARN__DUPLICATE_METHOD_MATCH = YES;
				COPY_PHASE_STRIP = NO;
				DEBUG_INFORMATION_FORMAT = dwarf;
				ENABLE_STRICT_OBJC_MSGSEND = YES;
				ENABLE_TESTABILITY = YES;
				GCC_C_LANGUAGE_STANDARD = gnu11;
				GCC_DYNAMIC_NO_PIC = NO;
				GCC_NO_COMMON_BLOCKS = YES;
				GCC_OPTIMIZATION_LEVEL = 0;
				GCC_PREPROCESSOR_DEFINITIONS = (
					"DEBUG=1",
					"$(inherited)",
				);
				GCC_WARN_64_TO_32_BIT_CONVERSION = YES;
				GCC_WARN_ABOUT_RETURN_TYPE = YES_ERROR;
				GCC_WARN_UNDECLARED_SELECTOR = YES;
				GCC_WARN_UNINITIALIZED_AUTOS = YES_AGGRESSIVE;
				GCC_WARN_UNUSED_FUNCTION = YES;
				GCC_WARN_UNUSED_VARIABLE = YES;
				IPHONEOS_DEPLOYMENT_TARGET = 16.2;
				MTL_ENABLE_DEBUG_INFO = INCLUDE_SOURCE;
				MTL_FAST_MATH = YES;
				ONLY_ACTIVE_ARCH = YES;
				SDKROOT = iphoneos;
				SWIFT_ACTIVE_COMPILATION_CONDITIONS = DEBUG;
				SWIFT_OPTIMIZATION_LEVEL = "-Onone";
			};
			name = Debug;
		};
		F1847EAE29F7465E00F0C5DE /* Release */ = {
			isa = XCBuildConfiguration;
			buildSettings = {
				ALWAYS_SEARCH_USER_PATHS = NO;
				CLANG_ANALYZER_NONNULL = YES;
				CLANG_ANALYZER_NUMBER_OBJECT_CONVERSION = YES_AGGRESSIVE;
				CLANG_CXX_LANGUAGE_STANDARD = "gnu++20";
				CLANG_ENABLE_MODULES = YES;
				CLANG_ENABLE_OBJC_ARC = YES;
				CLANG_ENABLE_OBJC_WEAK = YES;
				CLANG_WARN_BLOCK_CAPTURE_AUTORELEASING = YES;
				CLANG_WARN_BOOL_CONVERSION = YES;
				CLANG_WARN_COMMA = YES;
				CLANG_WARN_CONSTANT_CONVERSION = YES;
				CLANG_WARN_DEPRECATED_OBJC_IMPLEMENTATIONS = YES;
				CLANG_WARN_DIRECT_OBJC_ISA_USAGE = YES_ERROR;
				CLANG_WARN_DOCUMENTATION_COMMENTS = YES;
				CLANG_WARN_EMPTY_BODY = YES;
				CLANG_WARN_ENUM_CONVERSION = YES;
				CLANG_WARN_INFINITE_RECURSION = YES;
				CLANG_WARN_INT_CONVERSION = YES;
				CLANG_WARN_NON_LITERAL_NULL_CONVERSION = YES;
				CLANG_WARN_OBJC_IMPLICIT_RETAIN_SELF = YES;
				CLANG_WARN_OBJC_LITERAL_CONVERSION = YES;
				CLANG_WARN_OBJC_ROOT_CLASS = YES_ERROR;
				CLANG_WARN_QUOTED_INCLUDE_IN_FRAMEWORK_HEADER = YES;
				CLANG_WARN_RANGE_LOOP_ANALYSIS = YES;
				CLANG_WARN_STRICT_PROTOTYPES = YES;
				CLANG_WARN_SUSPICIOUS_MOVE = YES;
				CLANG_WARN_UNGUARDED_AVAILABILITY = YES_AGGRESSIVE;
				CLANG_WARN_UNREACHABLE_CODE = YES;
				CLANG_WARN__DUPLICATE_METHOD_MATCH = YES;
				COPY_PHASE_STRIP = NO;
				DEBUG_INFORMATION_FORMAT = "dwarf-with-dsym";
				ENABLE_NS_ASSERTIONS = NO;
				ENABLE_STRICT_OBJC_MSGSEND = YES;
				GCC_C_LANGUAGE_STANDARD = gnu11;
				GCC_NO_COMMON_BLOCKS = YES;
				GCC_WARN_64_TO_32_BIT_CONVERSION = YES;
				GCC_WARN_ABOUT_RETURN_TYPE = YES_ERROR;
				GCC_WARN_UNDECLARED_SELECTOR = YES;
				GCC_WARN_UNINITIALIZED_AUTOS = YES_AGGRESSIVE;
				GCC_WARN_UNUSED_FUNCTION = YES;
				GCC_WARN_UNUSED_VARIABLE = YES;
				IPHONEOS_DEPLOYMENT_TARGET = 16.2;
				MTL_ENABLE_DEBUG_INFO = NO;
				MTL_FAST_MATH = YES;
				SDKROOT = iphoneos;
				SWIFT_COMPILATION_MODE = wholemodule;
				SWIFT_OPTIMIZATION_LEVEL = "-O";
				VALIDATE_PRODUCT = YES;
			};
			name = Release;
		};
		F1847EB029F7465E00F0C5DE /* Debug */ = {
			isa = XCBuildConfiguration;
			buildSettings = {
				ASSETCATALOG_COMPILER_APPICON_NAME = AppIcon;
				ASSETCATALOG_COMPILER_GLOBAL_ACCENT_COLOR_NAME = AccentColor;
				CODE_SIGN_STYLE = Automatic;
				CURRENT_PROJECT_VERSION = 1;
				DEVELOPMENT_ASSET_PATHS = "\"Examen2/Preview Content\"";
				ENABLE_PREVIEWS = YES;
				GENERATE_INFOPLIST_FILE = YES;
				INFOPLIST_KEY_UIApplicationSceneManifest_Generation = YES;
				INFOPLIST_KEY_UIApplicationSupportsIndirectInputEvents = YES;
				INFOPLIST_KEY_UILaunchScreen_Generation = YES;
				INFOPLIST_KEY_UISupportedInterfaceOrientations_iPad = "UIInterfaceOrientationPortrait UIInterfaceOrientationPortraitUpsideDown UIInterfaceOrientationLandscapeLeft UIInterfaceOrientationLandscapeRight";
				INFOPLIST_KEY_UISupportedInterfaceOrientations_iPhone = "UIInterfaceOrientationPortrait UIInterfaceOrientationLandscapeLeft UIInterfaceOrientationLandscapeRight";
				LD_RUNPATH_SEARCH_PATHS = (
					"$(inherited)",
					"@executable_path/Frameworks",
				);
				MARKETING_VERSION = 1.0;
				PRODUCT_BUNDLE_IDENTIFIER = chavez.sandoval.Examen2;
				PRODUCT_NAME = "$(TARGET_NAME)";
				SWIFT_EMIT_LOC_STRINGS = YES;
				SWIFT_VERSION = 5.0;
				TARGETED_DEVICE_FAMILY = "1,2";
			};
			name = Debug;
		};
		F1847EB129F7465E00F0C5DE /* Release */ = {
			isa = XCBuildConfiguration;
			buildSettings = {
				ASSETCATALOG_COMPILER_APPICON_NAME = AppIcon;
				ASSETCATALOG_COMPILER_GLOBAL_ACCENT_COLOR_NAME = AccentColor;
				CODE_SIGN_STYLE = Automatic;
				CURRENT_PROJECT_VERSION = 1;
				DEVELOPMENT_ASSET_PATHS = "\"Examen2/Preview Content\"";
				ENABLE_PREVIEWS = YES;
				GENERATE_INFOPLIST_FILE = YES;
				INFOPLIST_KEY_UIApplicationSceneManifest_Generation = YES;
				INFOPLIST_KEY_UIApplicationSupportsIndirectInputEvents = YES;
				INFOPLIST_KEY_UILaunchScreen_Generation = YES;
				INFOPLIST_KEY_UISupportedInterfaceOrientations_iPad = "UIInterfaceOrientationPortrait UIInterfaceOrientationPortraitUpsideDown UIInterfaceOrientationLandscapeLeft UIInterfaceOrientationLandscapeRight";
				INFOPLIST_KEY_UISupportedInterfaceOrientations_iPhone = "UIInterfaceOrientationPortrait UIInterfaceOrientationLandscapeLeft UIInterfaceOrientationLandscapeRight";
				LD_RUNPATH_SEARCH_PATHS = (
					"$(inherited)",
					"@executable_path/Frameworks",
				);
				MARKETING_VERSION = 1.0;
				PRODUCT_BUNDLE_IDENTIFIER = chavez.sandoval.Examen2;
				PRODUCT_NAME = "$(TARGET_NAME)";
				SWIFT_EMIT_LOC_STRINGS = YES;
				SWIFT_VERSION = 5.0;
				TARGETED_DEVICE_FAMILY = "1,2";
			};
			name = Release;
		};
/* End XCBuildConfiguration section */

/* Begin XCConfigurationList section */
		F1847E9C29F7465D00F0C5DE /* Build configuration list for PBXProject "Examen2" */ = {
			isa = XCConfigurationList;
			buildConfigurations = (
				F1847EAD29F7465E00F0C5DE /* Debug */,
				F1847EAE29F7465E00F0C5DE /* Release */,
			);
			defaultConfigurationIsVisible = 0;
			defaultConfigurationName = Release;
		};
		F1847EAF29F7465E00F0C5DE /* Build configuration list for PBXNativeTarget "Examen2" */ = {
			isa = XCConfigurationList;
			buildConfigurations = (
				F1847EB029F7465E00F0C5DE /* Debug */,
				F1847EB129F7465E00F0C5DE /* Release */,
			);
			defaultConfigurationIsVisible = 0;
			defaultConfigurationName = Release;
		};
/* End XCConfigurationList section */

/* Begin XCRemoteSwiftPackageReference section */
		C9D6A3222A05C08800746CB3 /* XCRemoteSwiftPackageReference "firebase-ios-sdk" */ = {
			isa = XCRemoteSwiftPackageReference;
			repositoryURL = "https://github.com/firebase/firebase-ios-sdk";
			requirement = {
				kind = upToNextMajorVersion;
				minimumVersion = 9.0.0;
			};
		};
/* End XCRemoteSwiftPackageReference section */

/* Begin XCSwiftPackageProductDependency section */
		C9D6A3232A05C08800746CB3 /* FirebaseAuth */ = {
			isa = XCSwiftPackageProductDependency;
			package = C9D6A3222A05C08800746CB3 /* XCRemoteSwiftPackageReference "firebase-ios-sdk" */;
			productName = FirebaseAuth;
		};
		C9D6A3252A05C08800746CB3 /* FirebaseFirestore */ = {
			isa = XCSwiftPackageProductDependency;
			package = C9D6A3222A05C08800746CB3 /* XCRemoteSwiftPackageReference "firebase-ios-sdk" */;
			productName = FirebaseFirestore;
		};
		C9D6A3272A05C08800746CB3 /* FirebaseFirestoreSwift */ = {
			isa = XCSwiftPackageProductDependency;
			package = C9D6A3222A05C08800746CB3 /* XCRemoteSwiftPackageReference "firebase-ios-sdk" */;
			productName = FirebaseFirestoreSwift;
		};
/* End XCSwiftPackageProductDependency section */
	};
	rootObject = F1847E9929F7465D00F0C5DE /* Project object */;
}
